
Microsoft Visual Studio Solution File, Format Version 12.00
# Visual Studio 15
VisualStudioVersion = 15.0.28307.645
MinimumVisualStudioVersion = 10.0.40219.1
Project("{FAE04EC0-301F-11D3-BF4B-00C04F79EFBC}") = "Zad2", "Zad2\Zad2.csproj", "{23E10930-51F3-486B-956F-F4D874F968C8}"
EndProject
Project("{FAE04EC0-301F-11D3-BF4B-00C04F79EFBC}") = "Zad2Tests", "Zad2Tests\Zad2Tests.csproj", "{5C6BC19F-4377-4E46-BA99-B9288DEE2019}"
EndProject
Global
	GlobalSection(SolutionConfigurationPlatforms) = preSolution
		Debug|Any CPU = Debug|Any CPU
		Release|Any CPU = Release|Any CPU
	EndGlobalSection
	GlobalSection(ProjectConfigurationPlatforms) = postSolution
		{23E10930-51F3-486B-956F-F4D874F968C8}.Debug|Any CPU.ActiveCfg = Debug|Any CPU
		{23E10930-51F3-486B-956F-F4D874F968C8}.Debug|Any CPU.Build.0 = Debug|Any CPU
		{23E10930-51F3-486B-956F-F4D874F968C8}.Release|Any CPU.ActiveCfg = Release|Any CPU
		{23E10930-51F3-486B-956F-F4D874F968C8}.Release|Any CPU.Build.0 = Release|Any CPU
		{5C6BC19F-4377-4E46-BA99-B9288DEE2019}.Debug|Any CPU.ActiveCfg = Debug|Any CPU
		{5C6BC19F-4377-4E46-BA99-B9288DEE2019}.Debug|Any CPU.Build.0 = Debug|Any CPU
		{5C6BC19F-4377-4E46-BA99-B9288DEE2019}.Release|Any CPU.ActiveCfg = Release|Any CPU
		{5C6BC19F-4377-4E46-BA99-B9288DEE2019}.Release|Any CPU.Build.0 = Release|Any CPU
	EndGlobalSection
	GlobalSection(SolutionProperties) = preSolution
		HideSolutionNode = FALSE
	EndGlobalSection
	GlobalSection(ExtensibilityGlobals) = postSolution
		SolutionGuid = {6B587F3F-1F5B-4A6D-8323-FB4C5782927B}
	EndGlobalSection
EndGlobal
